// !$*UTF8*$!
{
	archiveVersion = 1;
	classes = {
	};
	objectVersion = 46;
	objects = {

/* Begin PBXBuildFile section */
		4C56090E1F70016F005CE7B8 /* AppDelegate.swift in Sources */ = {isa = PBXBuildFile; fileRef = 4C56090D1F70016F005CE7B8 /* AppDelegate.swift */; };
		4C5609131F70016F005CE7B8 /* Main.storyboard in Resources */ = {isa = PBXBuildFile; fileRef = 4C5609111F70016F005CE7B8 /* Main.storyboard */; };
		4C5609151F70016F005CE7B8 /* Assets.xcassets in Resources */ = {isa = PBXBuildFile; fileRef = 4C5609141F70016F005CE7B8 /* Assets.xcassets */; };
		4C5609181F70016F005CE7B8 /* LaunchScreen.storyboard in Resources */ = {isa = PBXBuildFile; fileRef = 4C5609161F70016F005CE7B8 /* LaunchScreen.storyboard */; };
		4C5609201F7006B6005CE7B8 /* GuidesCollectionViewController.swift in Sources */ = {isa = PBXBuildFile; fileRef = 4C56091F1F7006B6005CE7B8 /* GuidesCollectionViewController.swift */; };
		4C5609221F70071A005CE7B8 /* Guide.swift in Sources */ = {isa = PBXBuildFile; fileRef = 4C5609211F70071A005CE7B8 /* Guide.swift */; };
		4C5609321F70075A005CE7B8 /* GuideTests.swift in Sources */ = {isa = PBXBuildFile; fileRef = 4C5609311F70075A005CE7B8 /* GuideTests.swift */; };
		4C5609341F7008E6005CE7B8 /* JsonType.swift in Sources */ = {isa = PBXBuildFile; fileRef = 4C5609331F7008E6005CE7B8 /* JsonType.swift */; };
		4C5609361F700D05005CE7B8 /* GuideService.swift in Sources */ = {isa = PBXBuildFile; fileRef = 4C5609351F700D05005CE7B8 /* GuideService.swift */; };
		4C5609381F700D25005CE7B8 /* GuideServiceTests.swift in Sources */ = {isa = PBXBuildFile; fileRef = 4C5609371F700D25005CE7B8 /* GuideServiceTests.swift */; };
		4C56093A1F700F5D005CE7B8 /* GuideCell.swift in Sources */ = {isa = PBXBuildFile; fileRef = 4C5609391F700F5D005CE7B8 /* GuideCell.swift */; };
		4C56093C1F700F84005CE7B8 /* GuideCellTests.swift in Sources */ = {isa = PBXBuildFile; fileRef = 4C56093B1F700F84005CE7B8 /* GuideCellTests.swift */; };
		4C56093E1F701090005CE7B8 /* UIImageView+Helper.swift in Sources */ = {isa = PBXBuildFile; fileRef = 4C56093D1F701090005CE7B8 /* UIImageView+Helper.swift */; };
/* End PBXBuildFile section */

/* Begin PBXContainerItemProxy section */
		4C56092C1F700748005CE7B8 /* PBXContainerItemProxy */ = {
			isa = PBXContainerItemProxy;
			containerPortal = 4C5609021F70016F005CE7B8 /* Project object */;
			proxyType = 1;
			remoteGlobalIDString = 4C5609091F70016F005CE7B8;
			remoteInfo = gExercise;
		};
/* End PBXContainerItemProxy section */

/* Begin PBXFileReference section */
		4C56090A1F70016F005CE7B8 /* gExercise.app */ = {isa = PBXFileReference; explicitFileType = wrapper.application; includeInIndex = 0; path = gExercise.app; sourceTree = BUILT_PRODUCTS_DIR; };
		4C56090D1F70016F005CE7B8 /* AppDelegate.swift */ = {isa = PBXFileReference; lastKnownFileType = sourcecode.swift; path = AppDelegate.swift; sourceTree = "<group>"; };
		4C5609121F70016F005CE7B8 /* Base */ = {isa = PBXFileReference; lastKnownFileType = file.storyboard; name = Base; path = Base.lproj/Main.storyboard; sourceTree = "<group>"; };
		4C5609141F70016F005CE7B8 /* Assets.xcassets */ = {isa = PBXFileReference; lastKnownFileType = folder.assetcatalog; path = Assets.xcassets; sourceTree = "<group>"; };
		4C5609171F70016F005CE7B8 /* Base */ = {isa = PBXFileReference; lastKnownFileType = file.storyboard; name = Base; path = Base.lproj/LaunchScreen.storyboard; sourceTree = "<group>"; };
		4C5609191F70016F005CE7B8 /* Info.plist */ = {isa = PBXFileReference; lastKnownFileType = text.plist.xml; path = Info.plist; sourceTree = "<group>"; };
		4C56091F1F7006B6005CE7B8 /* GuidesCollectionViewController.swift */ = {isa = PBXFileReference; fileEncoding = 4; lastKnownFileType = sourcecode.swift; path = GuidesCollectionViewController.swift; sourceTree = "<group>"; };
		4C5609211F70071A005CE7B8 /* Guide.swift */ = {isa = PBXFileReference; fileEncoding = 4; lastKnownFileType = sourcecode.swift; path = Guide.swift; sourceTree = "<group>"; };
		4C5609271F700748005CE7B8 /* gExerciseTests.xctest */ = {isa = PBXFileReference; explicitFileType = wrapper.cfbundle; includeInIndex = 0; path = gExerciseTests.xctest; sourceTree = BUILT_PRODUCTS_DIR; };
		4C56092B1F700748005CE7B8 /* Info.plist */ = {isa = PBXFileReference; lastKnownFileType = text.plist.xml; path = Info.plist; sourceTree = "<group>"; };
		4C5609311F70075A005CE7B8 /* GuideTests.swift */ = {isa = PBXFileReference; fileEncoding = 4; lastKnownFileType = sourcecode.swift; path = GuideTests.swift; sourceTree = "<group>"; };
		4C5609331F7008E6005CE7B8 /* JsonType.swift */ = {isa = PBXFileReference; fileEncoding = 4; lastKnownFileType = sourcecode.swift; path = JsonType.swift; sourceTree = "<group>"; };
		4C5609351F700D05005CE7B8 /* GuideService.swift */ = {isa = PBXFileReference; fileEncoding = 4; lastKnownFileType = sourcecode.swift; path = GuideService.swift; sourceTree = "<group>"; };
		4C5609371F700D25005CE7B8 /* GuideServiceTests.swift */ = {isa = PBXFileReference; fileEncoding = 4; lastKnownFileType = sourcecode.swift; path = GuideServiceTests.swift; sourceTree = "<group>"; };
		4C5609391F700F5D005CE7B8 /* GuideCell.swift */ = {isa = PBXFileReference; fileEncoding = 4; lastKnownFileType = sourcecode.swift; path = GuideCell.swift; sourceTree = "<group>"; };
		4C56093B1F700F84005CE7B8 /* GuideCellTests.swift */ = {isa = PBXFileReference; fileEncoding = 4; lastKnownFileType = sourcecode.swift; path = GuideCellTests.swift; sourceTree = "<group>"; };
		4C56093D1F701090005CE7B8 /* UIImageView+Helper.swift */ = {isa = PBXFileReference; fileEncoding = 4; lastKnownFileType = sourcecode.swift; path = "UIImageView+Helper.swift"; sourceTree = "<group>"; };
/* End PBXFileReference section */

/* Begin PBXFrameworksBuildPhase section */
		4C5609071F70016F005CE7B8 /* Frameworks */ = {
			isa = PBXFrameworksBuildPhase;
			buildActionMask = 2147483647;
			files = (
			);
			runOnlyForDeploymentPostprocessing = 0;
		};
		4C5609241F700748005CE7B8 /* Frameworks */ = {
			isa = PBXFrameworksBuildPhase;
			buildActionMask = 2147483647;
			files = (
			);
			runOnlyForDeploymentPostprocessing = 0;
		};
/* End PBXFrameworksBuildPhase section */

/* Begin PBXGroup section */
		4C5609011F70016F005CE7B8 = {
			isa = PBXGroup;
			children = (
				4C56090C1F70016F005CE7B8 /* gExercise */,
				4C5609281F700748005CE7B8 /* gExerciseTests */,
				4C56090B1F70016F005CE7B8 /* Products */,
			);
			sourceTree = "<group>";
		};
		4C56090B1F70016F005CE7B8 /* Products */ = {
			isa = PBXGroup;
			children = (
				4C56090A1F70016F005CE7B8 /* gExercise.app */,
				4C5609271F700748005CE7B8 /* gExerciseTests.xctest */,
			);
			name = Products;
			sourceTree = "<group>";
		};
		4C56090C1F70016F005CE7B8 /* gExercise */ = {
			isa = PBXGroup;
			children = (
				4C56090D1F70016F005CE7B8 /* AppDelegate.swift */,
				4C56091F1F7006B6005CE7B8 /* GuidesCollectionViewController.swift */,
				4C5609391F700F5D005CE7B8 /* GuideCell.swift */,
				4C5609211F70071A005CE7B8 /* Guide.swift */,
				4C5609351F700D05005CE7B8 /* GuideService.swift */,
				4C56093D1F701090005CE7B8 /* UIImageView+Helper.swift */,
				4C5609111F70016F005CE7B8 /* Main.storyboard */,
				4C5609141F70016F005CE7B8 /* Assets.xcassets */,
				4C5609161F70016F005CE7B8 /* LaunchScreen.storyboard */,
				4C5609191F70016F005CE7B8 /* Info.plist */,
			);
			path = gExercise;
			sourceTree = "<group>";
		};
		4C5609281F700748005CE7B8 /* gExerciseTests */ = {
			isa = PBXGroup;
			children = (
				4C56092B1F700748005CE7B8 /* Info.plist */,
				4C5609331F7008E6005CE7B8 /* JsonType.swift */,
				4C5609311F70075A005CE7B8 /* GuideTests.swift */,
				4C56093B1F700F84005CE7B8 /* GuideCellTests.swift */,
				4C5609371F700D25005CE7B8 /* GuideServiceTests.swift */,
			);
			path = gExerciseTests;
			sourceTree = "<group>";
		};
/* End PBXGroup section */

/* Begin PBXNativeTarget section */
		4C5609091F70016F005CE7B8 /* gExercise */ = {
			isa = PBXNativeTarget;
			buildConfigurationList = 4C56091C1F70016F005CE7B8 /* Build configuration list for PBXNativeTarget "gExercise" */;
			buildPhases = (
				4C5609061F70016F005CE7B8 /* Sources */,
				4C5609071F70016F005CE7B8 /* Frameworks */,
				4C5609081F70016F005CE7B8 /* Resources */,
			);
			buildRules = (
			);
			dependencies = (
			);
			name = gExercise;
			productName = gExercise;
			productReference = 4C56090A1F70016F005CE7B8 /* gExercise.app */;
			productType = "com.apple.product-type.application";
		};
		4C5609261F700748005CE7B8 /* gExerciseTests */ = {
			isa = PBXNativeTarget;
			buildConfigurationList = 4C56092E1F700748005CE7B8 /* Build configuration list for PBXNativeTarget "gExerciseTests" */;
			buildPhases = (
				4C5609231F700748005CE7B8 /* Sources */,
				4C5609241F700748005CE7B8 /* Frameworks */,
				4C5609251F700748005CE7B8 /* Resources */,
			);
			buildRules = (
			);
			dependencies = (
				4C56092D1F700748005CE7B8 /* PBXTargetDependency */,
			);
			name = gExerciseTests;
			productName = gExerciseTests;
			productReference = 4C5609271F700748005CE7B8 /* gExerciseTests.xctest */;
			productType = "com.apple.product-type.bundle.unit-test";
		};
/* End PBXNativeTarget section */

/* Begin PBXProject section */
		4C5609021F70016F005CE7B8 /* Project object */ = {
			isa = PBXProject;
			attributes = {
				LastSwiftUpdateCheck = 0830;
				LastUpgradeCheck = 0830;
				ORGANIZATIONNAME = "Maria Gomez";
				TargetAttributes = {
					4C5609091F70016F005CE7B8 = {
						CreatedOnToolsVersion = 8.3.3;
						DevelopmentTeam = 79RYG9HK67;
						ProvisioningStyle = Automatic;
					};
					4C5609261F700748005CE7B8 = {
						CreatedOnToolsVersion = 8.3.3;
						DevelopmentTeam = 79RYG9HK67;
						ProvisioningStyle = Automatic;
						TestTargetID = 4C5609091F70016F005CE7B8;
					};
				};
			};
			buildConfigurationList = 4C5609051F70016F005CE7B8 /* Build configuration list for PBXProject "gExercise" */;
			compatibilityVersion = "Xcode 3.2";
			developmentRegion = English;
			hasScannedForEncodings = 0;
			knownRegions = (
				en,
				Base,
			);
			mainGroup = 4C5609011F70016F005CE7B8;
			productRefGroup = 4C56090B1F70016F005CE7B8 /* Products */;
			projectDirPath = "";
			projectRoot = "";
			targets = (
				4C5609091F70016F005CE7B8 /* gExercise */,
				4C5609261F700748005CE7B8 /* gExerciseTests */,
			);
		};
/* End PBXProject section */

/* Begin PBXResourcesBuildPhase section */
		4C5609081F70016F005CE7B8 /* Resources */ = {
			isa = PBXResourcesBuildPhase;
			buildActionMask = 2147483647;
			files = (
				4C5609181F70016F005CE7B8 /* LaunchScreen.storyboard in Resources */,
				4C5609151F70016F005CE7B8 /* Assets.xcassets in Resources */,
				4C5609131F70016F005CE7B8 /* Main.storyboard in Resources */,
			);
			runOnlyForDeploymentPostprocessing = 0;
		};
		4C5609251F700748005CE7B8 /* Resources */ = {
			isa = PBXResourcesBuildPhase;
			buildActionMask = 2147483647;
			files = (
			);
			runOnlyForDeploymentPostprocessing = 0;
		};
/* End PBXResourcesBuildPhase section */

/* Begin PBXSourcesBuildPhase section */
		4C5609061F70016F005CE7B8 /* Sources */ = {
			isa = PBXSourcesBuildPhase;
			buildActionMask = 2147483647;
			files = (
				4C5609361F700D05005CE7B8 /* GuideService.swift in Sources */,
				4C5609221F70071A005CE7B8 /* Guide.swift in Sources */,
				4C56093E1F701090005CE7B8 /* UIImageView+Helper.swift in Sources */,
				4C56093A1F700F5D005CE7B8 /* GuideCell.swift in Sources */,
				4C56090E1F70016F005CE7B8 /* AppDelegate.swift in Sources */,
				4C5609201F7006B6005CE7B8 /* GuidesCollectionViewController.swift in Sources */,
			);
			runOnlyForDeploymentPostprocessing = 0;
		};
		4C5609231F700748005CE7B8 /* Sources */ = {
			isa = PBXSourcesBuildPhase;
			buildActionMask = 2147483647;
			files = (
				4C5609381F700D25005CE7B8 /* GuideServiceTests.swift in Sources */,
				4C5609321F70075A005CE7B8 /* GuideTests.swift in Sources */,
				4C56093C1F700F84005CE7B8 /* GuideCellTests.swift in Sources */,
				4C5609341F7008E6005CE7B8 /* JsonType.swift in Sources */,
			);
			runOnlyForDeploymentPostprocessing = 0;
		};
/* End PBXSourcesBuildPhase section */

/* Begin PBXTargetDependency section */
		4C56092D1F700748005CE7B8 /* PBXTargetDependency */ = {
			isa = PBXTargetDependency;
			target = 4C5609091F70016F005CE7B8 /* gExercise */;
			targetProxy = 4C56092C1F700748005CE7B8 /* PBXContainerItemProxy */;
		};
/* End PBXTargetDependency section */

/* Begin PBXVariantGroup section */
		4C5609111F70016F005CE7B8 /* Main.storyboard */ = {
			isa = PBXVariantGroup;
			children = (
				4C5609121F70016F005CE7B8 /* Base */,
			);
			name = Main.storyboard;
			sourceTree = "<group>";
		};
		4C5609161F70016F005CE7B8 /* LaunchScreen.storyboard */ = {
			isa = PBXVariantGroup;
			children = (
				4C5609171F70016F005CE7B8 /* Base */,
			);
			name = LaunchScreen.storyboard;
			sourceTree = "<group>";
		};
/* End PBXVariantGroup section */

/* Begin XCBuildConfiguration section */
		4C56091A1F70016F005CE7B8 /* Debug */ = {
			isa = XCBuildConfiguration;
			buildSettings = {
				ALWAYS_SEARCH_USER_PATHS = NO;
				CLANG_ANALYZER_NONNULL = YES;
				CLANG_ANALYZER_NUMBER_OBJECT_CONVERSION = YES_AGGRESSIVE;
				CLANG_CXX_LANGUAGE_STANDARD = "gnu++0x";
				CLANG_CXX_LIBRARY = "libc++";
				CLANG_ENABLE_MODULES = YES;
				CLANG_ENABLE_OBJC_ARC = YES;
				CLANG_WARN_BOOL_CONVERSION = YES;
				CLANG_WARN_CONSTANT_CONVERSION = YES;
				CLANG_WARN_DIRECT_OBJC_ISA_USAGE = YES_ERROR;
				CLANG_WARN_DOCUMENTATION_COMMENTS = YES;
				CLANG_WARN_EMPTY_BODY = YES;
				CLANG_WARN_ENUM_CONVERSION = YES;
				CLANG_WARN_INFINITE_RECURSION = YES;
				CLANG_WARN_INT_CONVERSION = YES;
				CLANG_WARN_OBJC_ROOT_CLASS = YES_ERROR;
				CLANG_WARN_SUSPICIOUS_MOVE = YES;
				CLANG_WARN_UNREACHABLE_CODE = YES;
				CLANG_WARN__DUPLICATE_METHOD_MATCH = YES;
				"CODE_SIGN_IDENTITY[sdk=iphoneos*]" = "iPhone Developer";
				COPY_PHASE_STRIP = NO;
				DEBUG_INFORMATION_FORMAT = dwarf;
				ENABLE_STRICT_OBJC_MSGSEND = YES;
				ENABLE_TESTABILITY = YES;
				GCC_C_LANGUAGE_STANDARD = gnu99;
				GCC_DYNAMIC_NO_PIC = NO;
				GCC_NO_COMMON_BLOCKS = YES;
				GCC_OPTIMIZATION_LEVEL = 0;
				GCC_PREPROCESSOR_DEFINITIONS = (
					"DEBUG=1",
					"$(inherited)",
				);
				GCC_WARN_64_TO_32_BIT_CONVERSION = YES;
				GCC_WARN_ABOUT_RETURN_TYPE = YES_ERROR;
				GCC_WARN_UNDECLARED_SELECTOR = YES;
				GCC_WARN_UNINITIALIZED_AUTOS = YES_AGGRESSIVE;
				GCC_WARN_UNUSED_FUNCTION = YES;
				GCC_WARN_UNUSED_VARIABLE = YES;
				IPHONEOS_DEPLOYMENT_TARGET = 10.3;
				MTL_ENABLE_DEBUG_INFO = YES;
				ONLY_ACTIVE_ARCH = YES;
				SDKROOT = iphoneos;
				SWIFT_ACTIVE_COMPILATION_CONDITIONS = DEBUG;
				SWIFT_OPTIMIZATION_LEVEL = "-Onone";
				TARGETED_DEVICE_FAMILY = "1,2";
			};
			name = Debug;
		};
		4C56091B1F70016F005CE7B8 /* Release */ = {
			isa = XCBuildConfiguration;
			buildSettings = {
				ALWAYS_SEARCH_USER_PATHS = NO;
				CLANG_ANALYZER_NONNULL = YES;
				CLANG_ANALYZER_NUMBER_OBJECT_CONVERSION = YES_AGGRESSIVE;
				CLANG_CXX_LANGUAGE_STANDARD = "gnu++0x";
				CLANG_CXX_LIBRARY = "libc++";
				CLANG_ENABLE_MODULES = YES;
				CLANG_ENABLE_OBJC_ARC = YES;
				CLANG_WARN_BOOL_CONVERSION = YES;
				CLANG_WARN_CONSTANT_CONVERSION = YES;
				CLANG_WARN_DIRECT_OBJC_ISA_USAGE = YES_ERROR;
				CLANG_WARN_DOCUMENTATION_COMMENTS = YES;
				CLANG_WARN_EMPTY_BODY = YES;
				CLANG_WARN_ENUM_CONVERSION = YES;
				CLANG_WARN_INFINITE_RECURSION = YES;
				CLANG_WARN_INT_CONVERSION = YES;
				CLANG_WARN_OBJC_ROOT_CLASS = YES_ERROR;
				CLANG_WARN_SUSPICIOUS_MOVE = YES;
				CLANG_WARN_UNREACHABLE_CODE = YES;
				CLANG_WARN__DUPLICATE_METHOD_MATCH = YES;
				"CODE_SIGN_IDENTITY[sdk=iphoneos*]" = "iPhone Developer";
				COPY_PHASE_STRIP = NO;
				DEBUG_INFORMATION_FORMAT = "dwarf-with-dsym";
				ENABLE_NS_ASSERTIONS = NO;
				ENABLE_STRICT_OBJC_MSGSEND = YES;
				GCC_C_LANGUAGE_STANDARD = gnu99;
				GCC_NO_COMMON_BLOCKS = YES;
				GCC_WARN_64_TO_32_BIT_CONVERSION = YES;
				GCC_WARN_ABOUT_RETURN_TYPE = YES_ERROR;
				GCC_WARN_UNDECLARED_SELECTOR = YES;
				GCC_WARN_UNINITIALIZED_AUTOS = YES_AGGRESSIVE;
				GCC_WARN_UNUSED_FUNCTION = YES;
				GCC_WARN_UNUSED_VARIABLE = YES;
				IPHONEOS_DEPLOYMENT_TARGET = 10.3;
				MTL_ENABLE_DEBUG_INFO = NO;
				SDKROOT = iphoneos;
				SWIFT_OPTIMIZATION_LEVEL = "-Owholemodule";
				TARGETED_DEVICE_FAMILY = "1,2";
				VALIDATE_PRODUCT = YES;
			};
			name = Release;
		};
		4C56091D1F70016F005CE7B8 /* Debug */ = {
			isa = XCBuildConfiguration;
			buildSettings = {
				ASSETCATALOG_COMPILER_APPICON_NAME = AppIcon;
				DEVELOPMENT_TEAM = 79RYG9HK67;
				INFOPLIST_FILE = gExercise/Info.plist;
				LD_RUNPATH_SEARCH_PATHS = "$(inherited) @executable_path/Frameworks";
				PRODUCT_BUNDLE_IDENTIFIER = com.maria.gExercise;
				PRODUCT_NAME = "$(TARGET_NAME)";
				SWIFT_VERSION = 3.0;
			};
			name = Debug;
		};
		4C56091E1F70016F005CE7B8 /* Release */ = {
			isa = XCBuildConfiguration;
			buildSettings = {
				ASSETCATALOG_COMPILER_APPICON_NAME = AppIcon;
				DEVELOPMENT_TEAM = 79RYG9HK67;
				INFOPLIST_FILE = gExercise/Info.plist;
				LD_RUNPATH_SEARCH_PATHS = "$(inherited) @executable_path/Frameworks";
				PRODUCT_BUNDLE_IDENTIFIER = com.maria.gExercise;
				PRODUCT_NAME = "$(TARGET_NAME)";
				SWIFT_VERSION = 3.0;
			};
			name = Release;
		};
		4C56092F1F700748005CE7B8 /* Debug */ = {
			isa = XCBuildConfiguration;
			buildSettings = {
				BUNDLE_LOADER = "$(TEST_HOST)";
				DEVELOPMENT_TEAM = 79RYG9HK67;
				INFOPLIST_FILE = gExerciseTests/Info.plist;
				LD_RUNPATH_SEARCH_PATHS = "$(inherited) @executable_path/Frameworks @loader_path/Frameworks";
				PRODUCT_BUNDLE_IDENTIFIER = com.maria.gExerciseTests;
				PRODUCT_NAME = "$(TARGET_NAME)";
				SWIFT_VERSION = 3.0;
				TEST_HOST = "$(BUILT_PRODUCTS_DIR)/gExercise.app/gExercise";
			};
			name = Debug;
		};
		4C5609301F700748005CE7B8 /* Release */ = {
			isa = XCBuildConfiguration;
			buildSettings = {
				BUNDLE_LOADER = "$(TEST_HOST)";
				DEVELOPMENT_TEAM = 79RYG9HK67;
				INFOPLIST_FILE = gExerciseTests/Info.plist;
				LD_RUNPATH_SEARCH_PATHS = "$(inherited) @executable_path/Frameworks @loader_path/Frameworks";
				PRODUCT_BUNDLE_IDENTIFIER = com.maria.gExerciseTests;
				PRODUCT_NAME = "$(TARGET_NAME)";
				SWIFT_VERSION = 3.0;
				TEST_HOST = "$(BUILT_PRODUCTS_DIR)/gExercise.app/gExercise";
			};
			name = Release;
		};
/* End XCBuildConfiguration section */

/* Begin XCConfigurationList section */
		4C5609051F70016F005CE7B8 /* Build configuration list for PBXProject "gExercise" */ = {
			isa = XCConfigurationList;
			buildConfigurations = (
				4C56091A1F70016F005CE7B8 /* Debug */,
				4C56091B1F70016F005CE7B8 /* Release */,
			);
			defaultConfigurationIsVisible = 0;
			defaultConfigurationName = Release;
		};
		4C56091C1F70016F005CE7B8 /* Build configuration list for PBXNativeTarget "gExercise" */ = {
			isa = XCConfigurationList;
			buildConfigurations = (
				4C56091D1F70016F005CE7B8 /* Debug */,
				4C56091E1F70016F005CE7B8 /* Release */,
			);
			defaultConfigurationIsVisible = 0;
		};
		4C56092E1F700748005CE7B8 /* Build configuration list for PBXNativeTarget "gExerciseTests" */ = {
			isa = XCConfigurationList;
			buildConfigurations = (
				4C56092F1F700748005CE7B8 /* Debug */,
				4C5609301F700748005CE7B8 /* Release */,
			);
			defaultConfigurationIsVisible = 0;
		};
/* End XCConfigurationList section */
	};
	rootObject = 4C5609021F70016F005CE7B8 /* Project object */;
}
